# THIS IS AN AUTOGENERATED FILE. DO NOT EDIT THIS FILE DIRECTLY.
# yarn lockfile v1


kaboom@^2000.1.8:
  version "2000.1.8"
  resolved "https://registry.yarnpkg.com/kaboom/-/kaboom-2000.1.8.tgz#1736d0c0f2ee3f2b8c7adcee60b858352546785b"
  integrity sha512-NNndGkxZ2Wa+BjPU4DEMMVrwAtUOOiIrnqqyPneExPXo+t3ixOtZEGZ7gUZG3oILnqzCcTSeNyHeZYjPfT37Bg==
